hash: 98c42c283968d71da06dd12f3d6d18d1ba8745d1c21c1053f14b39769a9232e0
updated: 2017-08-11T11:42:27.518757043+06:00
imports:
- name: cloud.google.com/go
  version: 0a5bb7db78b9975657a49fd8c8dcbf00deacd108
  subpackages:
  - compute/metadata
- name: github.com/appscode/errors
  version: 748883e321a9f99fe901bd2663c7af3fcae43ea4
- name: github.com/appscode/go
  version: 45732d59b2277b9c7ffdc41d2d5c07a899a20a70
  subpackages:
  - runtime
  - version
- name: github.com/appscode/log
  version: 68e0e42e42c01371f3950571fc87c2298a51dd8f
  subpackages:
  - golog
- name: github.com/appscode/pat
  version: 48ff78925b7955367d8a048fc2b5cec8efadf8d3
- name: github.com/beorn7/perks
  version: 4c0e84591b9aa9e6dcfdf3e020114cd81f89d5f9
  subpackages:
  - quantile
- name: github.com/cpuguy83/go-md2man
  version: 23709d0847197db6021a51fdb193e66e9222d4e7
  subpackages:
  - md2man
- name: github.com/facebookgo/stack
  version: 751773369052141c013c6e827a71e8f35c07879c
- name: github.com/golang/glog
  version: 23def4e6c14b4da8ac2ed8007337bc5eb5007998
- name: github.com/golang/protobuf
  version: 1909bc2f63dc92bb931deace8b8312c4db72d12f
  subpackages:
  - proto
- name: github.com/inconshreveable/mousetrap
  version: 76626ae9c91c4f2a10f34cad8ce83ea42c93bb75
- name: github.com/jpillora/go-ogle-analytics
  version: 14b04e0594ef6a9fd943363b135656f0ec8c9d0e
- name: github.com/matttproud/golang_protobuf_extensions
  version: c12348ce28de40eed0136aa2b644d0ee0650e56c
  subpackages:
  - pbutil
- name: github.com/prometheus/client_golang
  version: c5b7fccd204277076155f10851dad72b76a49317
  subpackages:
  - prometheus
  - prometheus/promhttp
- name: github.com/prometheus/client_model
  version: 6f3806018612930941127f2a7c6c453ba2c527d2
  subpackages:
  - go
- name: github.com/prometheus/common
  version: 61f87aac8082fa8c3c5655c7608d7478d46ac2ad
  subpackages:
  - expfmt
  - internal/bitbucket.org/ww/goautoneg
  - model
- name: github.com/prometheus/procfs
  version: e645f4e5aaa8506fc71d6edbc5c4ff02c04c46f2
  subpackages:
  - xfs
- name: github.com/robfig/cron
  version: 736158dc09e10f1911ca3a1e1b01f11b566ce5db
- name: github.com/russross/blackfriday
  version: 4048872b16cc0fc2c5fd9eacf0ed2c2fedaa0c8c
- name: github.com/spf13/cobra
  version: b26b538f693051ac6518e65672de3144ce3fbedc
  subpackages:
  - doc
- name: github.com/spf13/pflag
  version: e57e3eeb33f795204c1ca35f56c44f83227c6e66
- name: golang.org/x/net
  version: 1c05540f6879653db88113bc4a2b70aec4bd491f
  subpackages:
  - context
  - context/ctxhttp
- name: golang.org/x/oauth2
  version: 9a379c6b3e95a790ffc43293c2a78dee0d7b6e20
  subpackages:
  - google
  - internal
  - jws
  - jwt
- name: google.golang.org/api
  version: 98825bb0065da4054e5da6db34f5fc598e50bc24
  subpackages:
  - gensupport
  - googleapi
  - googleapi/internal/uritemplates
  - sheets/v4
- name: google.golang.org/appengine
  version: c5a90ac045b779001847fec87403f5cba090deae
  subpackages:
  - internal
  - internal/app_identity
  - internal/base
  - internal/datastore
  - internal/log
  - internal/modules
  - internal/remote_api
  - internal/urlfetch
  - urlfetch
- name: gopkg.in/yaml.v2
  version: 25c4ec802a7d637f88d584ab26798e94ad14c13b
testImports: []
