hash: 43246b3dc09a12eb3d1c2fe91d54e4e99cf4bfab99131fb5992edcb4e4a41afd
updated: 2017-08-08T14:53:53.443909256-07:00
imports:
- name: github.com/appscode/go
  version: 95092d156baddb2d9aab547739669496d58ab6bd
  subpackages:
  - runtime
  - version
- name: github.com/appscode/log
  version: 68e0e42e42c01371f3950571fc87c2298a51dd8f
  subpackages:
  - golog
- name: github.com/appscode/pat
  version: 48ff78925b7955367d8a048fc2b5cec8efadf8d3
- name: github.com/beorn7/perks
  version: 3ac7bf7a47d159a033b107610db8a1b6575507a4
  subpackages:
  - quantile
- name: github.com/cpuguy83/go-md2man
  version: a65d4d2de4d5f7c74868dfa9b202a3c8be315aaa
  subpackages:
  - md2man
- name: github.com/golang/glog
  version: 44145f04b68cf362d9c4df2182967c2275eaefed
- name: github.com/golang/protobuf
  version: 8ee79997227bf9b34611aee7946ae64735e6fd93
  subpackages:
  - proto
- name: github.com/grpc-ecosystem/go-grpc-prometheus
  version: 0c1b191dbfe51efdabe3c14b9f6f3b96429e0722
- name: github.com/inconshreveable/mousetrap
  version: 76626ae9c91c4f2a10f34cad8ce83ea42c93bb75
- name: github.com/jpillora/go-ogle-analytics
  version: 14b04e0594ef6a9fd943363b135656f0ec8c9d0e
- name: github.com/matttproud/golang_protobuf_extensions
  version: fc2b8d3a73c4867e51861bbdd5ae3c1f0869dd6a
  subpackages:
  - pbutil
- name: github.com/prometheus/client_golang
  version: c5b7fccd204277076155f10851dad72b76a49317
  subpackages:
  - prometheus
  - prometheus/promhttp
- name: github.com/prometheus/client_model
  version: fa8ad6fec33561be4280a8f0514318c79d7f6cb6
  subpackages:
  - go
- name: github.com/prometheus/common
  version: 61f87aac8082fa8c3c5655c7608d7478d46ac2ad
  subpackages:
  - expfmt
  - internal/bitbucket.org/ww/goautoneg
  - model
- name: github.com/prometheus/procfs
  version: 454a56f35412459b5e684fd5ec0f9211b94f002a
- name: github.com/russross/blackfriday
  version: 300106c228d52c8941d4b3de6054a6062a86dda3
- name: github.com/shurcooL/sanitized_anchor_name
  version: 10ef21a441db47d8b13ebcc5fd2310f636973c77
- name: github.com/spf13/cobra
  version: b26b538f693051ac6518e65672de3144ce3fbedc
  subpackages:
  - doc
- name: github.com/spf13/pflag
  version: e57e3eeb33f795204c1ca35f56c44f83227c6e66
- name: gopkg.in/yaml.v2
  version: 25c4ec802a7d637f88d584ab26798e94ad14c13b
testImports: []
